{
  "requires": true,
  "lockfileVersion": 1,
  "dependencies": {
    "@angular/cdk": {
      "version": "5.0.4",
      "resolved": "https://registry.npmjs.org/@angular/cdk/-/cdk-5.0.4.tgz",
      "integrity": "sha512-6IKDOhDrfKdywTZNTWZbM1O8Q3cTi7uIOAyFC9sXitg0JUy2SHms0UY9FdW32BABIsZp692ofMCMdMPjHDjwwA==",
      "requires": {
        "tslib": "1.8.1"
      }
    },
    "angular": {
      "version": "1.6.6",
      "resolved": "https://registry.npmjs.org/angular/-/angular-1.6.6.tgz",
      "integrity": "sha1-/Vo8+0N844LYVO4BEgeXl4Uny2Q="
    },
    "angular-animate": {
      "version": "1.6.8",
      "resolved": "https://registry.npmjs.org/angular-animate/-/angular-animate-1.6.8.tgz",
      "integrity": "sha512-zKaq9vtJ+QPV6q159mJkb6uKa3SiTe0PXj+W9WO3cDhLly8LuQHYRteAAD3/SqlS7GMq2SFlJvs7VQduPJpUQw=="
    },
    "angular-aria": {
      "version": "1.6.8",
      "resolved": "https://registry.npmjs.org/angular-aria/-/angular-aria-1.6.8.tgz",
      "integrity": "sha512-pJ24MO23zJXBmJ0X/0jkz0DtWthXTahwe4oLCrrbT6Jxtspf+FCYNTkBeC1c3fv+CNGal69NRUUMuujuRyqzeg=="
    },
    "angular-material": {
      "version": "1.1.5",
      "resolved": "https://registry.npmjs.org/angular-material/-/angular-material-1.1.5.tgz",
      "integrity": "sha1-pUUM2CBeFadpHtw4lHYJTPhtWSs="
    },
    "angular-messages": {
      "version": "1.6.8",
      "resolved": "https://registry.npmjs.org/angular-messages/-/angular-messages-1.6.8.tgz",
      "integrity": "sha512-t8t3RA26KLScraeeE0FF9wflYO3txs+ND1A1L3nXT73bI99WjRgesNoh6eXc6206lksP+zEvGQTG1q1VU3rafQ=="
    },
    "tslib": {
      "version": "1.8.1",
      "resolved": "https://registry.npmjs.org/tslib/-/tslib-1.8.1.tgz",
      "integrity": "sha1-aUavLR1lGnsYY7Ux1uWvpBqkTqw="
    }
  }
}
